
Microsoft Visual Studio Solution File, Format Version 12.00
# Visual Studio Version 17
VisualStudioVersion = 17.6.33723.286
MinimumVisualStudioVersion = 10.0.40219.1
Project("{9A19103F-16F7-4668-BE54-9A1E7A4F7556}") = "AppCircular", "AppCircular\AppCircular.csproj", "{740D46F1-3018-4A2E-8049-4EF5252784AE}"
EndProject
Project("{FAE04EC0-301F-11D3-BF4B-00C04F79EFBC}") = "AppCircular.BusinessLogic", "AppCircular.BusinessLogic\AppCircular.BusinessLogic.csproj", "{CFE7A3C1-990A-44C4-B1FF-E9EBA35BBAC9}"
EndProject
Project("{FAE04EC0-301F-11D3-BF4B-00C04F79EFBC}") = "AppCircular.Common", "AppCircular.Common\AppCircular.Common.csproj", "{62CA50FE-28BD-4111-A9D9-55E63A769003}"
EndProject
Project("{FAE04EC0-301F-11D3-BF4B-00C04F79EFBC}") = "AppCircular.DataAccess", "AppCircular.DataAccess\AppCircular.DataAccess.csproj", "{A7CAC676-83B6-484D-9531-D88B9B79FDF5}"
EndProject
Project("{FAE04EC0-301F-11D3-BF4B-00C04F79EFBC}") = "AppCircular.Entities", "AppCircular.Entities\AppCircular.Entities.csproj", "{6A509658-5D71-46CD-95A7-E8BC00C707AF}"
EndProject
Global
	GlobalSection(SolutionConfigurationPlatforms) = preSolution
		Debug|Any CPU = Debug|Any CPU
		Release|Any CPU = Release|Any CPU
	EndGlobalSection
	GlobalSection(ProjectConfigurationPlatforms) = postSolution
		{740D46F1-3018-4A2E-8049-4EF5252784AE}.Debug|Any CPU.ActiveCfg = Debug|Any CPU
		{740D46F1-3018-4A2E-8049-4EF5252784AE}.Debug|Any CPU.Build.0 = Debug|Any CPU
		{740D46F1-3018-4A2E-8049-4EF5252784AE}.Release|Any CPU.ActiveCfg = Release|Any CPU
		{740D46F1-3018-4A2E-8049-4EF5252784AE}.Release|Any CPU.Build.0 = Release|Any CPU
		{CFE7A3C1-990A-44C4-B1FF-E9EBA35BBAC9}.Debug|Any CPU.ActiveCfg = Debug|Any CPU
		{CFE7A3C1-990A-44C4-B1FF-E9EBA35BBAC9}.Debug|Any CPU.Build.0 = Debug|Any CPU
		{CFE7A3C1-990A-44C4-B1FF-E9EBA35BBAC9}.Release|Any CPU.ActiveCfg = Release|Any CPU
		{CFE7A3C1-990A-44C4-B1FF-E9EBA35BBAC9}.Release|Any CPU.Build.0 = Release|Any CPU
		{62CA50FE-28BD-4111-A9D9-55E63A769003}.Debug|Any CPU.ActiveCfg = Debug|Any CPU
		{62CA50FE-28BD-4111-A9D9-55E63A769003}.Debug|Any CPU.Build.0 = Debug|Any CPU
		{62CA50FE-28BD-4111-A9D9-55E63A769003}.Release|Any CPU.ActiveCfg = Release|Any CPU
		{62CA50FE-28BD-4111-A9D9-55E63A769003}.Release|Any CPU.Build.0 = Release|Any CPU
		{A7CAC676-83B6-484D-9531-D88B9B79FDF5}.Debug|Any CPU.ActiveCfg = Debug|Any CPU
		{A7CAC676-83B6-484D-9531-D88B9B79FDF5}.Debug|Any CPU.Build.0 = Debug|Any CPU
		{A7CAC676-83B6-484D-9531-D88B9B79FDF5}.Release|Any CPU.ActiveCfg = Release|Any CPU
		{A7CAC676-83B6-484D-9531-D88B9B79FDF5}.Release|Any CPU.Build.0 = Release|Any CPU
		{6A509658-5D71-46CD-95A7-E8BC00C707AF}.Debug|Any CPU.ActiveCfg = Debug|Any CPU
		{6A509658-5D71-46CD-95A7-E8BC00C707AF}.Debug|Any CPU.Build.0 = Debug|Any CPU
		{6A509658-5D71-46CD-95A7-E8BC00C707AF}.Release|Any CPU.ActiveCfg = Release|Any CPU
		{6A509658-5D71-46CD-95A7-E8BC00C707AF}.Release|Any CPU.Build.0 = Release|Any CPU
	EndGlobalSection
	GlobalSection(SolutionProperties) = preSolution
		HideSolutionNode = FALSE
	EndGlobalSection
	GlobalSection(ExtensibilityGlobals) = postSolution
		SolutionGuid = {F0E6C4EB-24D5-4742-8AF2-302EF4A6460D}
	EndGlobalSection
EndGlobal
